{
  "name": "BLAuction_Node",
  "version": "1.0.0",
  "lockfileVersion": 1,
  "requires": true,
  "dependencies": {
    "oracledb": {
      "version": "3.0.0",
      "resolved": "https://registry.npmjs.org/oracledb/-/oracledb-3.0.0.tgz",
      "integrity": "sha512-lXC1DEJ9EbFJrD40X8tB8gl6sNnDl+/1X2mwvtOaXYB+5DgabQ3VWEP7TmK+1FqdzxIUbWN7zsX3yozX6YmOeQ=="
    }
  }
}
